
Microsoft Visual Studio Solution File, Format Version 12.00
# Visual Studio Version 16
VisualStudioVersion = 16.0.31105.61
MinimumVisualStudioVersion = 10.0.40219.1
Project("{FAE04EC0-301F-11D3-BF4B-00C04F79EFBC}") = "Delprojekt-Gruppe6-Backend", "Delprojekt-Gruppe6-Backend\Delprojekt-Gruppe6-Backend.csproj", "{DF069D5C-F330-49E7-9E95-F9C4F609B896}"
EndProject
Global
	GlobalSection(SolutionConfigurationPlatforms) = preSolution
		Debug|Any CPU = Debug|Any CPU
		Release|Any CPU = Release|Any CPU
	EndGlobalSection
	GlobalSection(ProjectConfigurationPlatforms) = postSolution
		{DF069D5C-F330-49E7-9E95-F9C4F609B896}.Debug|Any CPU.ActiveCfg = Debug|Any CPU
		{DF069D5C-F330-49E7-9E95-F9C4F609B896}.Debug|Any CPU.Build.0 = Debug|Any CPU
		{DF069D5C-F330-49E7-9E95-F9C4F609B896}.Release|Any CPU.ActiveCfg = Release|Any CPU
		{DF069D5C-F330-49E7-9E95-F9C4F609B896}.Release|Any CPU.Build.0 = Release|Any CPU
	EndGlobalSection
	GlobalSection(SolutionProperties) = preSolution
		HideSolutionNode = FALSE
	EndGlobalSection
	GlobalSection(ExtensibilityGlobals) = postSolution
		SolutionGuid = {27848E27-C2EC-4029-9403-9714B2146308}
	EndGlobalSection
EndGlobal
