
Microsoft Visual Studio Solution File, Format Version 12.00
# Visual Studio Version 16
VisualStudioVersion = 16.0.31105.61
MinimumVisualStudioVersion = 10.0.40219.1
Project("{FAE04EC0-301F-11D3-BF4B-00C04F79EFBC}") = "Frontend", "Frontend\Frontend.csproj", "{241E0953-6F31-42E0-9585-5B98BB821853}"
EndProject
Project("{FAE04EC0-301F-11D3-BF4B-00C04F79EFBC}") = "Backend", "Backend\Backend.csproj", "{0ADA6D1F-FDEC-4EA2-9822-D6AC8101ACCA}"
EndProject
Global
	GlobalSection(SolutionConfigurationPlatforms) = preSolution
		Debug|Any CPU = Debug|Any CPU
		Release|Any CPU = Release|Any CPU
	EndGlobalSection
	GlobalSection(ProjectConfigurationPlatforms) = postSolution
		{241E0953-6F31-42E0-9585-5B98BB821853}.Debug|Any CPU.ActiveCfg = Debug|Any CPU
		{241E0953-6F31-42E0-9585-5B98BB821853}.Debug|Any CPU.Build.0 = Debug|Any CPU
		{241E0953-6F31-42E0-9585-5B98BB821853}.Release|Any CPU.ActiveCfg = Release|Any CPU
		{241E0953-6F31-42E0-9585-5B98BB821853}.Release|Any CPU.Build.0 = Release|Any CPU
		{0ADA6D1F-FDEC-4EA2-9822-D6AC8101ACCA}.Debug|Any CPU.ActiveCfg = Debug|Any CPU
		{0ADA6D1F-FDEC-4EA2-9822-D6AC8101ACCA}.Debug|Any CPU.Build.0 = Debug|Any CPU
		{0ADA6D1F-FDEC-4EA2-9822-D6AC8101ACCA}.Release|Any CPU.ActiveCfg = Release|Any CPU
		{0ADA6D1F-FDEC-4EA2-9822-D6AC8101ACCA}.Release|Any CPU.Build.0 = Release|Any CPU
	EndGlobalSection
	GlobalSection(SolutionProperties) = preSolution
		HideSolutionNode = FALSE
	EndGlobalSection
	GlobalSection(ExtensibilityGlobals) = postSolution
		SolutionGuid = {FF5518C9-65A1-4F9D-A0B8-D6B861FAF141}
	EndGlobalSection
EndGlobal
